
Microsoft Visual Studio Solution File, Format Version 12.00
# Visual Studio Version 16
VisualStudioVersion = 16.0.32901.82
MinimumVisualStudioVersion = 10.0.40219.1
Project("{FAE04EC0-301F-11D3-BF4B-00C04F79EFBC}") = "Stormglass", "Stormglass\Stormglass.csproj", "{374E5BFC-5E4A-4062-945E-FBD9A296A131}"
EndProject
Global
	GlobalSection(SolutionConfigurationPlatforms) = preSolution
		Debug|Any CPU = Debug|Any CPU
		Release|Any CPU = Release|Any CPU
	EndGlobalSection
	GlobalSection(ProjectConfigurationPlatforms) = postSolution
		{374E5BFC-5E4A-4062-945E-FBD9A296A131}.Debug|Any CPU.ActiveCfg = Debug|Any CPU
		{374E5BFC-5E4A-4062-945E-FBD9A296A131}.Debug|Any CPU.Build.0 = Debug|Any CPU
		{374E5BFC-5E4A-4062-945E-FBD9A296A131}.Release|Any CPU.ActiveCfg = Release|Any CPU
		{374E5BFC-5E4A-4062-945E-FBD9A296A131}.Release|Any CPU.Build.0 = Release|Any CPU
	EndGlobalSection
	GlobalSection(SolutionProperties) = preSolution
		HideSolutionNode = FALSE
	EndGlobalSection
	GlobalSection(ExtensibilityGlobals) = postSolution
		SolutionGuid = {628B7A6B-E2F7-4E7D-9D00-5F74692D0CED}
	EndGlobalSection
EndGlobal
